
Microsoft Visual Studio Solution File, Format Version 12.00
# Visual Studio Version 16
VisualStudioVersion = 16.0.32510.428
MinimumVisualStudioVersion = 10.0.40219.1
Project("{9A19103F-16F7-4668-BE54-9A1E7A4F7556}") = "CalculatingTheSquare", "CalculatingTheSquare\CalculatingTheSquare.csproj", "{546B0051-DC50-4611-A38C-240F153E2D8E}"
EndProject
Project("{9A19103F-16F7-4668-BE54-9A1E7A4F7556}") = "PrintingUsernameonScreen", "PrintingUsernameonScreen\PrintingUsernameonScreen.csproj", "{A0C24139-BF60-4556-BB87-2C7D2A86CDD9}"
EndProject
Project("{9A19103F-16F7-4668-BE54-9A1E7A4F7556}") = "ValueTypes", "ValueTypes\ValueTypes.csproj", "{7A197175-F4DD-4734-9060-F3389FE3B532}"
EndProject
Project("{9A19103F-16F7-4668-BE54-9A1E7A4F7556}") = "DecisionStructures", "DecisionStructures\DecisionStructures.csproj", "{D74B4E59-9186-49F1-B1EE-5F8784E6EF6A}"
EndProject
Project("{FAE04EC0-301F-11D3-BF4B-00C04F79EFBC}") = "FactorialCalculation", "FactorialCalculation\FactorialCalculation.csproj", "{DD4B17FC-40BD-4B95-AB43-28F71B89087D}"
EndProject
Global
	GlobalSection(SolutionConfigurationPlatforms) = preSolution
		Debug|Any CPU = Debug|Any CPU
		Release|Any CPU = Release|Any CPU
	EndGlobalSection
	GlobalSection(ProjectConfigurationPlatforms) = postSolution
		{546B0051-DC50-4611-A38C-240F153E2D8E}.Debug|Any CPU.ActiveCfg = Debug|Any CPU
		{546B0051-DC50-4611-A38C-240F153E2D8E}.Debug|Any CPU.Build.0 = Debug|Any CPU
		{546B0051-DC50-4611-A38C-240F153E2D8E}.Release|Any CPU.ActiveCfg = Release|Any CPU
		{546B0051-DC50-4611-A38C-240F153E2D8E}.Release|Any CPU.Build.0 = Release|Any CPU
		{A0C24139-BF60-4556-BB87-2C7D2A86CDD9}.Debug|Any CPU.ActiveCfg = Debug|Any CPU
		{A0C24139-BF60-4556-BB87-2C7D2A86CDD9}.Debug|Any CPU.Build.0 = Debug|Any CPU
		{A0C24139-BF60-4556-BB87-2C7D2A86CDD9}.Release|Any CPU.ActiveCfg = Release|Any CPU
		{A0C24139-BF60-4556-BB87-2C7D2A86CDD9}.Release|Any CPU.Build.0 = Release|Any CPU
		{7A197175-F4DD-4734-9060-F3389FE3B532}.Debug|Any CPU.ActiveCfg = Debug|Any CPU
		{7A197175-F4DD-4734-9060-F3389FE3B532}.Debug|Any CPU.Build.0 = Debug|Any CPU
		{7A197175-F4DD-4734-9060-F3389FE3B532}.Release|Any CPU.ActiveCfg = Release|Any CPU
		{7A197175-F4DD-4734-9060-F3389FE3B532}.Release|Any CPU.Build.0 = Release|Any CPU
		{D74B4E59-9186-49F1-B1EE-5F8784E6EF6A}.Debug|Any CPU.ActiveCfg = Debug|Any CPU
		{D74B4E59-9186-49F1-B1EE-5F8784E6EF6A}.Debug|Any CPU.Build.0 = Debug|Any CPU
		{D74B4E59-9186-49F1-B1EE-5F8784E6EF6A}.Release|Any CPU.ActiveCfg = Release|Any CPU
		{D74B4E59-9186-49F1-B1EE-5F8784E6EF6A}.Release|Any CPU.Build.0 = Release|Any CPU
		{DD4B17FC-40BD-4B95-AB43-28F71B89087D}.Debug|Any CPU.ActiveCfg = Debug|Any CPU
		{DD4B17FC-40BD-4B95-AB43-28F71B89087D}.Debug|Any CPU.Build.0 = Debug|Any CPU
		{DD4B17FC-40BD-4B95-AB43-28F71B89087D}.Release|Any CPU.ActiveCfg = Release|Any CPU
		{DD4B17FC-40BD-4B95-AB43-28F71B89087D}.Release|Any CPU.Build.0 = Release|Any CPU
	EndGlobalSection
	GlobalSection(SolutionProperties) = preSolution
		HideSolutionNode = FALSE
	EndGlobalSection
	GlobalSection(ExtensibilityGlobals) = postSolution
		SolutionGuid = {A6400DDC-2CF9-41FD-ABAA-A403DDD361C2}
	EndGlobalSection
EndGlobal
